
Microsoft Visual Studio Solution File, Format Version 12.00
# Visual Studio Version 17
VisualStudioVersion = 17.2.32519.379
MinimumVisualStudioVersion = 10.0.40219.1
Project("{FAE04EC0-301F-11D3-BF4B-00C04F79EFBC}") = "WebApplication1", "WebApplication1\WebApplication1.csproj", "{38386600-77FD-4017-B67D-C2C92476A0A1}"
EndProject
Global
	GlobalSection(SolutionConfigurationPlatforms) = preSolution
		Debug|Any CPU = Debug|Any CPU
		Release|Any CPU = Release|Any CPU
	EndGlobalSection
	GlobalSection(ProjectConfigurationPlatforms) = postSolution
		{38386600-77FD-4017-B67D-C2C92476A0A1}.Debug|Any CPU.ActiveCfg = Debug|Any CPU
		{38386600-77FD-4017-B67D-C2C92476A0A1}.Debug|Any CPU.Build.0 = Debug|Any CPU
		{38386600-77FD-4017-B67D-C2C92476A0A1}.Release|Any CPU.ActiveCfg = Release|Any CPU
		{38386600-77FD-4017-B67D-C2C92476A0A1}.Release|Any CPU.Build.0 = Release|Any CPU
	EndGlobalSection
	GlobalSection(SolutionProperties) = preSolution
		HideSolutionNode = FALSE
	EndGlobalSection
	GlobalSection(ExtensibilityGlobals) = postSolution
		SolutionGuid = {50322D47-C434-4CA1-99AB-50B01CE163AD}
	EndGlobalSection
EndGlobal
